
Microsoft Visual Studio Solution File, Format Version 12.00
# Visual Studio Version 17
VisualStudioVersion = 17.13.35931.197
MinimumVisualStudioVersion = 10.0.40219.1
Project("{2150E333-8FDC-42A3-9474-1A3956D46DE8}") = "src", "src", "{02EA681E-C7D8-13C7-8484-4AC65E1B71E8}"
EndProject
Project("{FAE04EC0-301F-11D3-BF4B-00C04F79EFBC}") = "AppointmentManager.Application", "src\Application\AppointmentManager.Application.csproj", "{7DEB75AC-0D7B-D9A1-DE87-7A75027E6D61}"
EndProject
Project("{2150E333-8FDC-42A3-9474-1A3956D46DE8}") = "tests", "tests", "{4D5AA361-2A2C-406D-B8C2-6CB8426C3C4C}"
EndProject
Project("{FAE04EC0-301F-11D3-BF4B-00C04F79EFBC}") = "AppointmentManager.Presentation", "src\Presentation\AppointmentManager.Presentation.csproj", "{B3FDA557-DF49-7270-0A4B-795BA2AC7A5B}"
EndProject
Project("{FAE04EC0-301F-11D3-BF4B-00C04F79EFBC}") = "AppointmentManager.Domain", "src\Domain\AppointmentManager.Domain.csproj", "{556B246A-D81E-64B4-1770-2782E9AA2E6C}"
EndProject
Project("{FAE04EC0-301F-11D3-BF4B-00C04F79EFBC}") = "AppointmentManager.Infrastructure", "src\Infrastructure\AppointmentManager.Infrastructure.csproj", "{789809B6-BFD9-878B-6052-9653F1862017}"
EndProject
Project("{FAE04EC0-301F-11D3-BF4B-00C04F79EFBC}") = "AppointmentManager.Domain.Tests", "tests\Domain\AppointmentManager.Domain.Tests.csproj", "{217ADC4C-83D2-A7A1-5544-68A5AB5412BC}"
EndProject
Global
	GlobalSection(SolutionConfigurationPlatforms) = preSolution
		Debug|Any CPU = Debug|Any CPU
		Release|Any CPU = Release|Any CPU
	EndGlobalSection
	GlobalSection(ProjectConfigurationPlatforms) = postSolution
		{7DEB75AC-0D7B-D9A1-DE87-7A75027E6D61}.Debug|Any CPU.ActiveCfg = Debug|Any CPU
		{7DEB75AC-0D7B-D9A1-DE87-7A75027E6D61}.Debug|Any CPU.Build.0 = Debug|Any CPU
		{7DEB75AC-0D7B-D9A1-DE87-7A75027E6D61}.Release|Any CPU.ActiveCfg = Release|Any CPU
		{7DEB75AC-0D7B-D9A1-DE87-7A75027E6D61}.Release|Any CPU.Build.0 = Release|Any CPU
		{B3FDA557-DF49-7270-0A4B-795BA2AC7A5B}.Debug|Any CPU.ActiveCfg = Debug|Any CPU
		{B3FDA557-DF49-7270-0A4B-795BA2AC7A5B}.Debug|Any CPU.Build.0 = Debug|Any CPU
		{B3FDA557-DF49-7270-0A4B-795BA2AC7A5B}.Release|Any CPU.ActiveCfg = Release|Any CPU
		{B3FDA557-DF49-7270-0A4B-795BA2AC7A5B}.Release|Any CPU.Build.0 = Release|Any CPU
		{556B246A-D81E-64B4-1770-2782E9AA2E6C}.Debug|Any CPU.ActiveCfg = Debug|Any CPU
		{556B246A-D81E-64B4-1770-2782E9AA2E6C}.Debug|Any CPU.Build.0 = Debug|Any CPU
		{556B246A-D81E-64B4-1770-2782E9AA2E6C}.Release|Any CPU.ActiveCfg = Release|Any CPU
		{556B246A-D81E-64B4-1770-2782E9AA2E6C}.Release|Any CPU.Build.0 = Release|Any CPU
		{789809B6-BFD9-878B-6052-9653F1862017}.Debug|Any CPU.ActiveCfg = Debug|Any CPU
		{789809B6-BFD9-878B-6052-9653F1862017}.Debug|Any CPU.Build.0 = Debug|Any CPU
		{789809B6-BFD9-878B-6052-9653F1862017}.Release|Any CPU.ActiveCfg = Release|Any CPU
		{789809B6-BFD9-878B-6052-9653F1862017}.Release|Any CPU.Build.0 = Release|Any CPU
		{217ADC4C-83D2-A7A1-5544-68A5AB5412BC}.Debug|Any CPU.ActiveCfg = Debug|Any CPU
		{217ADC4C-83D2-A7A1-5544-68A5AB5412BC}.Debug|Any CPU.Build.0 = Debug|Any CPU
		{217ADC4C-83D2-A7A1-5544-68A5AB5412BC}.Release|Any CPU.ActiveCfg = Release|Any CPU
		{217ADC4C-83D2-A7A1-5544-68A5AB5412BC}.Release|Any CPU.Build.0 = Release|Any CPU
	EndGlobalSection
	GlobalSection(SolutionProperties) = preSolution
		HideSolutionNode = FALSE
	EndGlobalSection
	GlobalSection(NestedProjects) = preSolution
		{7DEB75AC-0D7B-D9A1-DE87-7A75027E6D61} = {02EA681E-C7D8-13C7-8484-4AC65E1B71E8}
		{B3FDA557-DF49-7270-0A4B-795BA2AC7A5B} = {02EA681E-C7D8-13C7-8484-4AC65E1B71E8}
		{556B246A-D81E-64B4-1770-2782E9AA2E6C} = {02EA681E-C7D8-13C7-8484-4AC65E1B71E8}
		{789809B6-BFD9-878B-6052-9653F1862017} = {02EA681E-C7D8-13C7-8484-4AC65E1B71E8}
		{217ADC4C-83D2-A7A1-5544-68A5AB5412BC} = {4D5AA361-2A2C-406D-B8C2-6CB8426C3C4C}
	EndGlobalSection
	GlobalSection(ExtensibilityGlobals) = postSolution
		SolutionGuid = {CEC6688B-B03A-42E1-B17A-24C0EED41857}
	EndGlobalSection
EndGlobal
